github.com/alseiitov/gorouter v0.0.0-20210214170701-c7521c251025 h1:J4Uj6P+0HD4UmNB3DK4/OSpW82gpFfaXwLzXENldQC0=
github.com/alseiitov/gorouter v0.0.0-20210214170701-c7521c251025/go.mod h1:WyzCLed9mFF2pYdG5H7Ntum0KRSF/Aoa2sgRFf60WiU=
github.com/alseiitov/simple-jwt v0.0.0-20210213181518-904e08f27fe8 h1:74EdZ5rwAvxwI7lVHwNgtusCh0tPIfUn+1KChmyDn5s=
github.com/alseiitov/simple-jwt v0.0.0-20210213181518-904e08f27fe8/go.mod h1:LHJ6er+Ae4qFN4+83XY/epDBhCZFAl3/S5Tl19ccN6Y=
github.com/alseiitov/validator v0.0.0-20210209173910-3c47ba027319 h1:c9W9v1Dt9kfZ4xi/NEYikXbZO9F/DhQJpkAXqSZGV30=
github.com/alseiitov/validator v0.0.0-20210209173910-3c47ba027319/go.mod h1:mVB1Qvyj8+EeRc/IgclYsZ+rDNs6TIH65hsBvAfIb6s=
github.com/mattn/go-sqlite3 v1.14.6 h1:dNPt6NO46WmLVt2DLNpwczCmdV5boIZ6g/tlDrlRUbg=
github.com/mattn/go-sqlite3 v1.14.6/go.mod h1:NyWgC/yNuGj7Q9rpYnZvas74GogHl5/Z4A/KQRfk6bU=
github.com/satori/go.uuid v1.2.0 h1:0uYX9dsZ2yD7q2RtLRtPSdGDWzjeM3TbMJP9utgA0ww=
github.com/satori/go.uuid v1.2.0/go.mod h1:dA0hQrYB0VpLJoorglMZABFdXlWrHn1NEOzdhQKdks0=
golang.org/x/crypto v0.0.0-20190308221718-c2843e01d9a2/go.mod h1:djNgcEr1/C05ACkg1iLfiJU5Ep61QUkGW8qpdssI0+w=
golang.org/x/crypto v0.0.0-20201221181555-eec23a3978ad h1:DN0cp81fZ3njFcrLCytUHRSUkqBjfTo4Tx9RJTWs0EY=
golang.org/x/crypto v0.0.0-20201221181555-eec23a3978ad/go.mod h1:jdWPYTVW3xRLrWPugEBEK3UY2ZEsg3UU495nc5E+M+I=
golang.org/x/net v0.0.0-20190404232315-eb5bcb51f2a3/go.mod h1:t9HGtf8HONx5eT2rtn7q6eTqICYqUVnKs3thJo3Qplg=
golang.org/x/sys v0.0.0-20190215142949-d0b11bdaac8a/go.mod h1:STP8DvDyc/dI5b8T5hshtkjS+E42TnysNCUPdjciGhY=
golang.org/x/sys v0.0.0-20191026070338-33540a1f6037/go.mod h1:h1NjWce9XRLGQEsW7wpKNCjG9DtNlClVuFLEZdDNbEs=
golang.org/x/term v0.0.0-20201117132131-f5c789dd3221/go.mod h1:Nr5EML6q2oocZ2LXRh80K7BxOlk5/8JxuGnuhpl+muw=
golang.org/x/text v0.3.0/go.mod h1:NqM8EUOU14njkJ3fqMW+pc6Ldnwhi/IjpwHt7yyuwOQ=
